
Microsoft Visual Studio Solution File, Format Version 12.00
# Visual Studio 15
VisualStudioVersion = 15.0.28307.779
MinimumVisualStudioVersion = 10.0.40219.1
Project("{FAE04EC0-301F-11D3-BF4B-00C04F79EFBC}") = "MapeCreator", "MapeCreator\MapeCreator.csproj", "{D13DB4A9-3543-4B43-A8B3-1B2C8891721E}"
EndProject
Global
	GlobalSection(SolutionConfigurationPlatforms) = preSolution
		Debug|Any CPU = Debug|Any CPU
		Release|Any CPU = Release|Any CPU
	EndGlobalSection
	GlobalSection(ProjectConfigurationPlatforms) = postSolution
		{D13DB4A9-3543-4B43-A8B3-1B2C8891721E}.Debug|Any CPU.ActiveCfg = Debug|Any CPU
		{D13DB4A9-3543-4B43-A8B3-1B2C8891721E}.Debug|Any CPU.Build.0 = Debug|Any CPU
		{D13DB4A9-3543-4B43-A8B3-1B2C8891721E}.Release|Any CPU.ActiveCfg = Release|Any CPU
		{D13DB4A9-3543-4B43-A8B3-1B2C8891721E}.Release|Any CPU.Build.0 = Release|Any CPU
	EndGlobalSection
	GlobalSection(SolutionProperties) = preSolution
		HideSolutionNode = FALSE
	EndGlobalSection
	GlobalSection(ExtensibilityGlobals) = postSolution
		SolutionGuid = {08F2EA74-7755-4294-88C2-6492C339023D}
	EndGlobalSection
EndGlobal
